
Microsoft Visual Studio Solution File, Format Version 12.00
# Visual Studio 2012
Project("{2150E333-8FDC-42A3-9474-1A3956D46DE8}") = "Solution Items", "Solution Items", "{870EFE84-7067-4BB2-99A5-CB708D36898C}"
	ProjectSection(SolutionItems) = preProject
		FreeLottoTest.vsmdi = FreeLottoTest.vsmdi
		FreeLottoTest1.vsmdi = FreeLottoTest1.vsmdi
		Local.testsettings = Local.testsettings
		TraceAndTestImpact.testsettings = TraceAndTestImpact.testsettings
	EndProjectSection
EndProject
Project("{FAE04EC0-301F-11D3-BF4B-00C04F79EFBC}") = "FreeLottoTest", "FreeLottoTest.csproj", "{F7CAAF28-F077-4646-88EC-EF8687AAB176}"
EndProject
Project("{FAE04EC0-301F-11D3-BF4B-00C04F79EFBC}") = "PchLottoTest", "PchLottoTest\PchLottoTest.csproj", "{FC1A8BA9-A45A-4BDB-A7F2-D78E42B4E52C}"
EndProject
Global
	GlobalSection(TestCaseManagementSettings) = postSolution
		CategoryFile = FreeLottoTest1.vsmdi
	EndGlobalSection
	GlobalSection(SolutionConfigurationPlatforms) = preSolution
		Debug|Any CPU = Debug|Any CPU
		Release|Any CPU = Release|Any CPU
	EndGlobalSection
	GlobalSection(ProjectConfigurationPlatforms) = postSolution
		{F7CAAF28-F077-4646-88EC-EF8687AAB176}.Debug|Any CPU.ActiveCfg = Debug|Any CPU
		{F7CAAF28-F077-4646-88EC-EF8687AAB176}.Debug|Any CPU.Build.0 = Debug|Any CPU
		{F7CAAF28-F077-4646-88EC-EF8687AAB176}.Release|Any CPU.ActiveCfg = Release|Any CPU
		{F7CAAF28-F077-4646-88EC-EF8687AAB176}.Release|Any CPU.Build.0 = Release|Any CPU
		{FC1A8BA9-A45A-4BDB-A7F2-D78E42B4E52C}.Debug|Any CPU.ActiveCfg = Debug|Any CPU
		{FC1A8BA9-A45A-4BDB-A7F2-D78E42B4E52C}.Debug|Any CPU.Build.0 = Debug|Any CPU
		{FC1A8BA9-A45A-4BDB-A7F2-D78E42B4E52C}.Release|Any CPU.ActiveCfg = Release|Any CPU
		{FC1A8BA9-A45A-4BDB-A7F2-D78E42B4E52C}.Release|Any CPU.Build.0 = Release|Any CPU
	EndGlobalSection
	GlobalSection(SolutionProperties) = preSolution
		HideSolutionNode = FALSE
	EndGlobalSection
EndGlobal
